
Microsoft Visual Studio Solution File, Format Version 10.00
# Visual Studio 2008
Project("{FAE04EC0-301F-11D3-BF4B-00C04F79EFBC}") = "problema_gato", "problema_gato\problema_gato.csproj", "{3726E7A3-2D21-45D1-B535-C0A29415A8CF}"
EndProject
Global
	GlobalSection(SolutionConfigurationPlatforms) = preSolution
		Debug|Any CPU = Debug|Any CPU
		Release|Any CPU = Release|Any CPU
	EndGlobalSection
	GlobalSection(ProjectConfigurationPlatforms) = postSolution
		{3726E7A3-2D21-45D1-B535-C0A29415A8CF}.Debug|Any CPU.ActiveCfg = Debug|Any CPU
		{3726E7A3-2D21-45D1-B535-C0A29415A8CF}.Debug|Any CPU.Build.0 = Debug|Any CPU
		{3726E7A3-2D21-45D1-B535-C0A29415A8CF}.Release|Any CPU.ActiveCfg = Release|Any CPU
		{3726E7A3-2D21-45D1-B535-C0A29415A8CF}.Release|Any CPU.Build.0 = Release|Any CPU
	EndGlobalSection
	GlobalSection(SolutionProperties) = preSolution
		HideSolutionNode = FALSE
	EndGlobalSection
EndGlobal
